
Microsoft Visual Studio Solution File, Format Version 12.00
# Visual Studio Version 16
VisualStudioVersion = 16.0.29306.81
MinimumVisualStudioVersion = 10.0.40219.1
Project("{FAE04EC0-301F-11D3-BF4B-00C04F79EFBC}") = "WFA_Spa", "WFA_Spa\WFA_Spa.csproj", "{A74FC4D2-0072-4C6F-8CCE-7A9752C69EE0}"
EndProject
Global
	GlobalSection(SolutionConfigurationPlatforms) = preSolution
		Debug|Any CPU = Debug|Any CPU
		DebugLocal|Any CPU = DebugLocal|Any CPU
		Release|Any CPU = Release|Any CPU
	EndGlobalSection
	GlobalSection(ProjectConfigurationPlatforms) = postSolution
		{A74FC4D2-0072-4C6F-8CCE-7A9752C69EE0}.Debug|Any CPU.ActiveCfg = Debug|Any CPU
		{A74FC4D2-0072-4C6F-8CCE-7A9752C69EE0}.Debug|Any CPU.Build.0 = Debug|Any CPU
		{A74FC4D2-0072-4C6F-8CCE-7A9752C69EE0}.DebugLocal|Any CPU.ActiveCfg = Debug|Any CPU
		{A74FC4D2-0072-4C6F-8CCE-7A9752C69EE0}.DebugLocal|Any CPU.Build.0 = Debug|Any CPU
		{A74FC4D2-0072-4C6F-8CCE-7A9752C69EE0}.Release|Any CPU.ActiveCfg = Release|Any CPU
		{A74FC4D2-0072-4C6F-8CCE-7A9752C69EE0}.Release|Any CPU.Build.0 = Release|Any CPU
	EndGlobalSection
	GlobalSection(SolutionProperties) = preSolution
		HideSolutionNode = FALSE
	EndGlobalSection
	GlobalSection(ExtensibilityGlobals) = postSolution
		SolutionGuid = {2793A376-9DB0-475E-B10B-97FED2BDF80D}
	EndGlobalSection
EndGlobal
